
Microsoft Visual Studio Solution File, Format Version 12.00
# Visual Studio Version 16
VisualStudioVersion = 16.0.29104.9
MinimumVisualStudioVersion = 10.0.40219.1
Project("{9A19103F-16F7-4668-BE54-9A1E7A4F7556}") = "Microsoft.UnifiedRedisPlatform.Core", "Core\Microsoft.UnifiedRedisPlatform.Core.csproj", "{91106B5A-9012-46A8-A17C-197D8F4F8E44}"
EndProject
Project("{2150E333-8FDC-42A3-9474-1A3956D46DE8}") = "Extensions", "Extensions", "{C847979E-B60C-4E82-8D43-1C672C8139F7}"
EndProject
Project("{FAE04EC0-301F-11D3-BF4B-00C04F79EFBC}") = "Microsoft.Extensions.Caching.UnifiedRedisPlatform", "Extensions\Microsoft.Extensions.Caching.UnifiedRedisPlatform\Microsoft.Extensions.Caching.UnifiedRedisPlatform.csproj", "{3CEE5F16-E1DD-432A-97F0-13A99DA272FA}"
EndProject
Global
	GlobalSection(SolutionConfigurationPlatforms) = preSolution
		Debug|Any CPU = Debug|Any CPU
		Release|Any CPU = Release|Any CPU
	EndGlobalSection
	GlobalSection(ProjectConfigurationPlatforms) = postSolution
		{91106B5A-9012-46A8-A17C-197D8F4F8E44}.Debug|Any CPU.ActiveCfg = Debug|Any CPU
		{91106B5A-9012-46A8-A17C-197D8F4F8E44}.Debug|Any CPU.Build.0 = Debug|Any CPU
		{91106B5A-9012-46A8-A17C-197D8F4F8E44}.Release|Any CPU.ActiveCfg = Release|Any CPU
		{91106B5A-9012-46A8-A17C-197D8F4F8E44}.Release|Any CPU.Build.0 = Release|Any CPU
		{3CEE5F16-E1DD-432A-97F0-13A99DA272FA}.Debug|Any CPU.ActiveCfg = Debug|Any CPU
		{3CEE5F16-E1DD-432A-97F0-13A99DA272FA}.Debug|Any CPU.Build.0 = Debug|Any CPU
		{3CEE5F16-E1DD-432A-97F0-13A99DA272FA}.Release|Any CPU.ActiveCfg = Release|Any CPU
		{3CEE5F16-E1DD-432A-97F0-13A99DA272FA}.Release|Any CPU.Build.0 = Release|Any CPU
	EndGlobalSection
	GlobalSection(SolutionProperties) = preSolution
		HideSolutionNode = FALSE
	EndGlobalSection
	GlobalSection(NestedProjects) = preSolution
		{3CEE5F16-E1DD-432A-97F0-13A99DA272FA} = {C847979E-B60C-4E82-8D43-1C672C8139F7}
	EndGlobalSection
	GlobalSection(ExtensibilityGlobals) = postSolution
		SolutionGuid = {C3DB884C-EB28-434D-ACF6-722DD0BCA7F9}
	EndGlobalSection
EndGlobal
